
Microsoft Visual Studio Solution File, Format Version 12.00
# Visual Studio Version 16
VisualStudioVersion = 16.0.31321.278
MinimumVisualStudioVersion = 10.0.40219.1
Project("{FAE04EC0-301F-11D3-BF4B-00C04F79EFBC}") = "Dijital Revir", "Dijital Revir.csproj", "{B9084DBB-B5F2-4CBA-BAF4-6C7A26BB831B}"
EndProject
Global
	GlobalSection(SolutionConfigurationPlatforms) = preSolution
		Debug|Any CPU = Debug|Any CPU
		Release|Any CPU = Release|Any CPU
	EndGlobalSection
	GlobalSection(ProjectConfigurationPlatforms) = postSolution
		{B9084DBB-B5F2-4CBA-BAF4-6C7A26BB831B}.Debug|Any CPU.ActiveCfg = Debug|Any CPU
		{B9084DBB-B5F2-4CBA-BAF4-6C7A26BB831B}.Debug|Any CPU.Build.0 = Debug|Any CPU
		{B9084DBB-B5F2-4CBA-BAF4-6C7A26BB831B}.Release|Any CPU.ActiveCfg = Release|Any CPU
		{B9084DBB-B5F2-4CBA-BAF4-6C7A26BB831B}.Release|Any CPU.Build.0 = Release|Any CPU
	EndGlobalSection
	GlobalSection(SolutionProperties) = preSolution
		HideSolutionNode = FALSE
	EndGlobalSection
	GlobalSection(ExtensibilityGlobals) = postSolution
		SolutionGuid = {C05A96F1-C7B7-44C3-A38B-43487DF82B70}
	EndGlobalSection
EndGlobal
